{
  "nodes": {
    "envycontrol": {
      "inputs": {
        "nixpkgs": [
          "nixpkgs"
        ]
      },
      "locked": {
        "lastModified": 1724028178,
        "narHash": "sha256-3FPpsd43xXXV6ErlMxdQabg9uMS2OW8nm2QklKKe600=",
        "owner": "bayasdev",
        "repo": "envycontrol",
        "rev": "0b502c4027133694e82db9b56eaffbb34fc98642",
        "type": "github"
      },
      "original": {
        "owner": "bayasdev",
        "repo": "envycontrol",
        "type": "github"
      }
    },
    "hardware": {
      "locked": {
        "lastModified": 1724575805,
        "narHash": "sha256-OB/kEL3GAhUZmUfkbPfsPhKs0pRqJKs0EEBiLfyKZw8=",
        "owner": "nixos",
        "repo": "nixos-hardware",
        "rev": "9fc19be21f0807d6be092d70bf0b1de0c00ac895",
        "type": "github"
      },
      "original": {
        "owner": "nixos",
        "repo": "nixos-hardware",
        "type": "github"
      }
    },
    "home-manager": {
      "inputs": {
        "nixpkgs": "nixpkgs"
      },
      "locked": {
        "lastModified": 1709988192,
        "narHash": "sha256-qxwIkl85P0I1/EyTT+NJwzbXdOv86vgZxcv4UKicjK8=",
        "path": "/nix/store/crwf9238p470xlnxl50wj9j3z55hq79y-source",
        "rev": "b0b0c3d94345050a7f86d1ebc6c56eea4389d030",
        "type": "path"
      },
      "original": {
        "id": "home-manager",
        "type": "indirect"
      }
    },
    "nixos-hardware": {
      "locked": {
        "lastModified": 1709410583,
        "narHash": "sha256-esOSUoQ7mblwcsSea0K17McZuwAIjoS6dq/4b83+lvw=",
        "path": "/nix/store/dr1dzz8s3n6dwhmmfx05z0c8q0bhi8f4-source",
        "rev": "59e37017b9ed31dee303dbbd4531c594df95cfbc",
        "type": "path"
      },
      "original": {
        "id": "nixos-hardware",
        "type": "indirect"
      }
    },
    "nixpkgs": {
      "locked": {
        "lastModified": 1709479366,
        "narHash": "sha256-n6F0n8UV6lnTZbYPl1A9q1BS0p4hduAv1mGAP17CVd0=",
        "owner": "NixOS",
        "repo": "nixpkgs",
        "rev": "b8697e57f10292a6165a20f03d2f42920dfaf973",
        "type": "github"
      },
      "original": {
        "owner": "NixOS",
        "ref": "nixos-unstable",
        "repo": "nixpkgs",
        "type": "github"
      }
    },
    "nixpkgs-stable": {
      "locked": {
        "lastModified": 1724316499,
        "narHash": "sha256-Qb9MhKBUTCfWg/wqqaxt89Xfi6qTD3XpTzQ9eXi3JmE=",
        "owner": "nixos",
        "repo": "nixpkgs",
        "rev": "797f7dc49e0bc7fab4b57c021cdf68f595e47841",
        "type": "github"
      },
      "original": {
        "owner": "nixos",
        "ref": "nixos-24.05",
        "repo": "nixpkgs",
        "type": "github"
      }
    },
    "nixpkgs-unstable": {
      "locked": {
        "lastModified": 1724224976,
        "narHash": "sha256-Z/ELQhrSd7bMzTO8r7NZgi9g5emh+aRKoCdaAv5fiO0=",
        "owner": "nixos",
        "repo": "nixpkgs",
        "rev": "c374d94f1536013ca8e92341b540eba4c22f9c62",
        "type": "github"
      },
      "original": {
        "owner": "nixos",
        "ref": "nixos-unstable",
        "repo": "nixpkgs",
        "type": "github"
      }
    },
    "nixpkgs_2": {
      "locked": {
        "lastModified": 1724224976,
        "narHash": "sha256-Z/ELQhrSd7bMzTO8r7NZgi9g5emh+aRKoCdaAv5fiO0=",
        "owner": "nixos",
        "repo": "nixpkgs",
        "rev": "c374d94f1536013ca8e92341b540eba4c22f9c62",
        "type": "github"
      },
      "original": {
        "owner": "nixos",
        "ref": "nixos-unstable",
        "repo": "nixpkgs",
        "type": "github"
      }
    },
    "root": {
      "inputs": {
        "envycontrol": "envycontrol",
        "hardware": "hardware",
        "home-manager": "home-manager",
        "nixos-hardware": "nixos-hardware",
        "nixpkgs": "nixpkgs_2",
        "nixpkgs-stable": "nixpkgs-stable",
        "nixpkgs-unstable": "nixpkgs-unstable"
      }
    }
  },
  "root": "root",
  "version": 7
}
